
Microsoft Visual Studio Solution File, Format Version 12.00
# Visual Studio Version 16
VisualStudioVersion = 16.0.29409.12
MinimumVisualStudioVersion = 10.0.40219.1
Project("{FAE04EC0-301F-11D3-BF4B-00C04F79EFBC}") = "HomeWork3.ChangeCase", "HomeWork3.ChangeCase\HomeWork3.ChangeCase.csproj", "{EA5A62B8-D56B-437A-A196-9AE798789ADE}"
EndProject
Global
	GlobalSection(SolutionConfigurationPlatforms) = preSolution
		Debug|Any CPU = Debug|Any CPU
		Release|Any CPU = Release|Any CPU
	EndGlobalSection
	GlobalSection(ProjectConfigurationPlatforms) = postSolution
		{EA5A62B8-D56B-437A-A196-9AE798789ADE}.Debug|Any CPU.ActiveCfg = Debug|Any CPU
		{EA5A62B8-D56B-437A-A196-9AE798789ADE}.Debug|Any CPU.Build.0 = Debug|Any CPU
		{EA5A62B8-D56B-437A-A196-9AE798789ADE}.Release|Any CPU.ActiveCfg = Release|Any CPU
		{EA5A62B8-D56B-437A-A196-9AE798789ADE}.Release|Any CPU.Build.0 = Release|Any CPU
	EndGlobalSection
	GlobalSection(SolutionProperties) = preSolution
		HideSolutionNode = FALSE
	EndGlobalSection
	GlobalSection(ExtensibilityGlobals) = postSolution
		SolutionGuid = {2A6BE630-3790-4733-BA9B-83791333D383}
	EndGlobalSection
EndGlobal
