
Microsoft Visual Studio Solution File, Format Version 12.00
# Visual Studio Version 16
VisualStudioVersion = 16.0.29409.12
MinimumVisualStudioVersion = 10.0.40219.1
Project("{FAE04EC0-301F-11D3-BF4B-00C04F79EFBC}") = "Session6.Lab1", "Session6.Lab1\Session6.Lab1.csproj", "{3C88DE57-9BD1-4667-B642-A53F501C955E}"
EndProject
Global
	GlobalSection(SolutionConfigurationPlatforms) = preSolution
		Debug|Any CPU = Debug|Any CPU
		Release|Any CPU = Release|Any CPU
	EndGlobalSection
	GlobalSection(ProjectConfigurationPlatforms) = postSolution
		{3C88DE57-9BD1-4667-B642-A53F501C955E}.Debug|Any CPU.ActiveCfg = Debug|Any CPU
		{3C88DE57-9BD1-4667-B642-A53F501C955E}.Debug|Any CPU.Build.0 = Debug|Any CPU
		{3C88DE57-9BD1-4667-B642-A53F501C955E}.Release|Any CPU.ActiveCfg = Release|Any CPU
		{3C88DE57-9BD1-4667-B642-A53F501C955E}.Release|Any CPU.Build.0 = Release|Any CPU
	EndGlobalSection
	GlobalSection(SolutionProperties) = preSolution
		HideSolutionNode = FALSE
	EndGlobalSection
	GlobalSection(ExtensibilityGlobals) = postSolution
		SolutionGuid = {463AD516-816C-4657-9748-7D276C43568E}
	EndGlobalSection
EndGlobal
