
Microsoft Visual Studio Solution File, Format Version 12.00
# Visual Studio Version 16
VisualStudioVersion = 16.0.29409.12
MinimumVisualStudioVersion = 10.0.40219.1
Project("{FAE04EC0-301F-11D3-BF4B-00C04F79EFBC}") = "Session8.Lab1.Lists", "Session8.Lab1.Lists\Session8.Lab1.Lists.csproj", "{D4C90426-5742-42D0-8C57-2A1AB4CAB398}"
EndProject
Global
	GlobalSection(SolutionConfigurationPlatforms) = preSolution
		Debug|Any CPU = Debug|Any CPU
		Release|Any CPU = Release|Any CPU
	EndGlobalSection
	GlobalSection(ProjectConfigurationPlatforms) = postSolution
		{D4C90426-5742-42D0-8C57-2A1AB4CAB398}.Debug|Any CPU.ActiveCfg = Debug|Any CPU
		{D4C90426-5742-42D0-8C57-2A1AB4CAB398}.Debug|Any CPU.Build.0 = Debug|Any CPU
		{D4C90426-5742-42D0-8C57-2A1AB4CAB398}.Release|Any CPU.ActiveCfg = Release|Any CPU
		{D4C90426-5742-42D0-8C57-2A1AB4CAB398}.Release|Any CPU.Build.0 = Release|Any CPU
	EndGlobalSection
	GlobalSection(SolutionProperties) = preSolution
		HideSolutionNode = FALSE
	EndGlobalSection
	GlobalSection(ExtensibilityGlobals) = postSolution
		SolutionGuid = {B37F70D4-5D4F-4FD0-9F90-4CBA4C98138E}
	EndGlobalSection
EndGlobal
