
Microsoft Visual Studio Solution File, Format Version 12.00
# Visual Studio Version 16
VisualStudioVersion = 16.0.29409.12
MinimumVisualStudioVersion = 10.0.40219.1
Project("{FAE04EC0-301F-11D3-BF4B-00C04F79EFBC}") = "Session10.Interfaces", "Session10.Interfaces\Session10.Interfaces.csproj", "{2322E457-25AA-4353-9D5B-2D501A9A7049}"
EndProject
Global
	GlobalSection(SolutionConfigurationPlatforms) = preSolution
		Debug|Any CPU = Debug|Any CPU
		Release|Any CPU = Release|Any CPU
	EndGlobalSection
	GlobalSection(ProjectConfigurationPlatforms) = postSolution
		{2322E457-25AA-4353-9D5B-2D501A9A7049}.Debug|Any CPU.ActiveCfg = Debug|Any CPU
		{2322E457-25AA-4353-9D5B-2D501A9A7049}.Debug|Any CPU.Build.0 = Debug|Any CPU
		{2322E457-25AA-4353-9D5B-2D501A9A7049}.Release|Any CPU.ActiveCfg = Release|Any CPU
		{2322E457-25AA-4353-9D5B-2D501A9A7049}.Release|Any CPU.Build.0 = Release|Any CPU
	EndGlobalSection
	GlobalSection(SolutionProperties) = preSolution
		HideSolutionNode = FALSE
	EndGlobalSection
	GlobalSection(ExtensibilityGlobals) = postSolution
		SolutionGuid = {0CCF4A39-561A-483D-B526-46AC4128D08F}
	EndGlobalSection
EndGlobal
