
Microsoft Visual Studio Solution File, Format Version 12.00
# Visual Studio Version 16
VisualStudioVersion = 16.0.29409.12
MinimumVisualStudioVersion = 10.0.40219.1
Project("{FAE04EC0-301F-11D3-BF4B-00C04F79EFBC}") = "Session6.Lab2", "Session6.Lab2\Session6.Lab2.csproj", "{7259D357-78C9-47E0-8717-E37EC4917FBF}"
EndProject
Global
	GlobalSection(SolutionConfigurationPlatforms) = preSolution
		Debug|Any CPU = Debug|Any CPU
		Release|Any CPU = Release|Any CPU
	EndGlobalSection
	GlobalSection(ProjectConfigurationPlatforms) = postSolution
		{7259D357-78C9-47E0-8717-E37EC4917FBF}.Debug|Any CPU.ActiveCfg = Debug|Any CPU
		{7259D357-78C9-47E0-8717-E37EC4917FBF}.Debug|Any CPU.Build.0 = Debug|Any CPU
		{7259D357-78C9-47E0-8717-E37EC4917FBF}.Release|Any CPU.ActiveCfg = Release|Any CPU
		{7259D357-78C9-47E0-8717-E37EC4917FBF}.Release|Any CPU.Build.0 = Release|Any CPU
	EndGlobalSection
	GlobalSection(SolutionProperties) = preSolution
		HideSolutionNode = FALSE
	EndGlobalSection
	GlobalSection(ExtensibilityGlobals) = postSolution
		SolutionGuid = {F7D49FB4-1CAB-453E-B78D-E2B2F66B1B87}
	EndGlobalSection
EndGlobal
