
Microsoft Visual Studio Solution File, Format Version 12.00
# Visual Studio Version 16
VisualStudioVersion = 16.0.29409.12
MinimumVisualStudioVersion = 10.0.40219.1
Project("{FAE04EC0-301F-11D3-BF4B-00C04F79EFBC}") = "HomeWork2_3_Optional", "HomeWork2_3_Optional\HomeWork2_3_Optional.csproj", "{212107BB-BF0B-4FF3-AA8E-DE4214BD60A0}"
EndProject
Global
	GlobalSection(SolutionConfigurationPlatforms) = preSolution
		Debug|Any CPU = Debug|Any CPU
		Release|Any CPU = Release|Any CPU
	EndGlobalSection
	GlobalSection(ProjectConfigurationPlatforms) = postSolution
		{212107BB-BF0B-4FF3-AA8E-DE4214BD60A0}.Debug|Any CPU.ActiveCfg = Debug|Any CPU
		{212107BB-BF0B-4FF3-AA8E-DE4214BD60A0}.Debug|Any CPU.Build.0 = Debug|Any CPU
		{212107BB-BF0B-4FF3-AA8E-DE4214BD60A0}.Release|Any CPU.ActiveCfg = Release|Any CPU
		{212107BB-BF0B-4FF3-AA8E-DE4214BD60A0}.Release|Any CPU.Build.0 = Release|Any CPU
	EndGlobalSection
	GlobalSection(SolutionProperties) = preSolution
		HideSolutionNode = FALSE
	EndGlobalSection
	GlobalSection(ExtensibilityGlobals) = postSolution
		SolutionGuid = {A8F1EB5B-EC7B-4E1C-9670-5847FDBA6305}
	EndGlobalSection
EndGlobal
