
Microsoft Visual Studio Solution File, Format Version 12.00
# Visual Studio Version 16
VisualStudioVersion = 16.0.29409.12
MinimumVisualStudioVersion = 10.0.40219.1
Project("{FAE04EC0-301F-11D3-BF4B-00C04F79EFBC}") = "HomeWork2.AmountToText", "HomeWork2.AmountToText\HomeWork2.AmountToText.csproj", "{FFF0E123-58BF-4051-A9EA-CD875962ABA9}"
EndProject
Global
	GlobalSection(SolutionConfigurationPlatforms) = preSolution
		Debug|Any CPU = Debug|Any CPU
		Release|Any CPU = Release|Any CPU
	EndGlobalSection
	GlobalSection(ProjectConfigurationPlatforms) = postSolution
		{FFF0E123-58BF-4051-A9EA-CD875962ABA9}.Debug|Any CPU.ActiveCfg = Debug|Any CPU
		{FFF0E123-58BF-4051-A9EA-CD875962ABA9}.Debug|Any CPU.Build.0 = Debug|Any CPU
		{FFF0E123-58BF-4051-A9EA-CD875962ABA9}.Release|Any CPU.ActiveCfg = Release|Any CPU
		{FFF0E123-58BF-4051-A9EA-CD875962ABA9}.Release|Any CPU.Build.0 = Release|Any CPU
	EndGlobalSection
	GlobalSection(SolutionProperties) = preSolution
		HideSolutionNode = FALSE
	EndGlobalSection
	GlobalSection(ExtensibilityGlobals) = postSolution
		SolutionGuid = {7113F66F-F6E9-487A-8AA5-DBB2228C6142}
	EndGlobalSection
EndGlobal
